
Microsoft Visual Studio Solution File, Format Version 12.00
# Visual Studio Version 16
VisualStudioVersion = 16.0.32510.428
MinimumVisualStudioVersion = 10.0.40219.1
Project("{FAE04EC0-301F-11D3-BF4B-00C04F79EFBC}") = "BikeStoreWEB", "BikeStoreWEB\BikeStoreWEB.csproj", "{38382C1A-5B01-4430-847A-1CF9DEADC381}"
EndProject
Global
	GlobalSection(SolutionConfigurationPlatforms) = preSolution
		Debug|Any CPU = Debug|Any CPU
		Release|Any CPU = Release|Any CPU
	EndGlobalSection
	GlobalSection(ProjectConfigurationPlatforms) = postSolution
		{38382C1A-5B01-4430-847A-1CF9DEADC381}.Debug|Any CPU.ActiveCfg = Debug|Any CPU
		{38382C1A-5B01-4430-847A-1CF9DEADC381}.Debug|Any CPU.Build.0 = Debug|Any CPU
		{38382C1A-5B01-4430-847A-1CF9DEADC381}.Release|Any CPU.ActiveCfg = Release|Any CPU
		{38382C1A-5B01-4430-847A-1CF9DEADC381}.Release|Any CPU.Build.0 = Release|Any CPU
	EndGlobalSection
	GlobalSection(SolutionProperties) = preSolution
		HideSolutionNode = FALSE
	EndGlobalSection
	GlobalSection(ExtensibilityGlobals) = postSolution
		SolutionGuid = {BA902BD4-8819-49C8-9E85-210C284658BE}
	EndGlobalSection
EndGlobal
